
Microsoft Visual Studio Solution File, Format Version 12.00
# Visual Studio Version 16
VisualStudioVersion = 16.0.31702.278
MinimumVisualStudioVersion = 10.0.40219.1
Project("{FAE04EC0-301F-11D3-BF4B-00C04F79EFBC}") = "ProjectEuler1", "ProjectEuler1\ProjectEuler1.csproj", "{FA487A74-9A02-4A07-B167-104FEA0C8250}"
EndProject
Global
	GlobalSection(SolutionConfigurationPlatforms) = preSolution
		Debug|Any CPU = Debug|Any CPU
		Release|Any CPU = Release|Any CPU
	EndGlobalSection
	GlobalSection(ProjectConfigurationPlatforms) = postSolution
		{FA487A74-9A02-4A07-B167-104FEA0C8250}.Debug|Any CPU.ActiveCfg = Debug|Any CPU
		{FA487A74-9A02-4A07-B167-104FEA0C8250}.Debug|Any CPU.Build.0 = Debug|Any CPU
		{FA487A74-9A02-4A07-B167-104FEA0C8250}.Release|Any CPU.ActiveCfg = Release|Any CPU
		{FA487A74-9A02-4A07-B167-104FEA0C8250}.Release|Any CPU.Build.0 = Release|Any CPU
	EndGlobalSection
	GlobalSection(SolutionProperties) = preSolution
		HideSolutionNode = FALSE
	EndGlobalSection
	GlobalSection(ExtensibilityGlobals) = postSolution
		SolutionGuid = {F463065B-EC1C-41DC-B909-E965A3A55646}
	EndGlobalSection
EndGlobal
